// !$*UTF8*$!
{
	archiveVersion = 1;
	classes = {
	};
	objectVersion = 55;
	objects = {

/* Begin PBXBuildFile section */
		BCCCB06F2B20793866FB62D3 /* Pods_Around_Egypt.framework in Frameworks */ = {isa = PBXBuildFile; fileRef = 2EF91707FD039C2557B04FB8 /* Pods_Around_Egypt.framework */; };
		FF691CAF2AEA96A20065C6CF /* AppDelegate.swift in Sources */ = {isa = PBXBuildFile; fileRef = FF691CAE2AEA96A20065C6CF /* AppDelegate.swift */; };
		FF691CB12AEA96A20065C6CF /* SceneDelegate.swift in Sources */ = {isa = PBXBuildFile; fileRef = FF691CB02AEA96A20065C6CF /* SceneDelegate.swift */; };
		FF691CB62AEA96A20065C6CF /* Main.storyboard in Resources */ = {isa = PBXBuildFile; fileRef = FF691CB42AEA96A20065C6CF /* Main.storyboard */; };
		FF691CB92AEA96A20065C6CF /* Around_Egypt.xcdatamodeld in Sources */ = {isa = PBXBuildFile; fileRef = FF691CB72AEA96A20065C6CF /* Around_Egypt.xcdatamodeld */; };
		FF691CBB2AEA96A40065C6CF /* Assets.xcassets in Resources */ = {isa = PBXBuildFile; fileRef = FF691CBA2AEA96A40065C6CF /* Assets.xcassets */; };
		FF691CBE2AEA96A40065C6CF /* LaunchScreen.storyboard in Resources */ = {isa = PBXBuildFile; fileRef = FF691CBC2AEA96A40065C6CF /* LaunchScreen.storyboard */; };
		FF691CC72AEBB9960065C6CF /* Alamofire in Frameworks */ = {isa = PBXBuildFile; productRef = FF691CC62AEBB9960065C6CF /* Alamofire */; };
		FF691CCA2AEBB9B20065C6CF /* Kingfisher in Frameworks */ = {isa = PBXBuildFile; productRef = FF691CC92AEBB9B20065C6CF /* Kingfisher */; };
		FF691CCC2AEBB9E30065C6CF /* APIManager.swift in Sources */ = {isa = PBXBuildFile; fileRef = FF691CCB2AEBB9E30065C6CF /* APIManager.swift */; };
		FF691CCF2AEBBC390065C6CF /* ExperiencesRequest.swift in Sources */ = {isa = PBXBuildFile; fileRef = FF691CCE2AEBBC390065C6CF /* ExperiencesRequest.swift */; };
		FF691CD12AEBE0460065C6CF /* Gotham Bold.otf in Resources */ = {isa = PBXBuildFile; fileRef = FF691CD02AEBE0450065C6CF /* Gotham Bold.otf */; };
		FF691CDA2AEC10690065C6CF /* RecommendedExperienceCollectionViewCell.swift in Sources */ = {isa = PBXBuildFile; fileRef = FF691CD82AEC10690065C6CF /* RecommendedExperienceCollectionViewCell.swift */; };
		FF691CDB2AEC10690065C6CF /* RecommendedExperienceCollectionViewCell.xib in Resources */ = {isa = PBXBuildFile; fileRef = FF691CD92AEC10690065C6CF /* RecommendedExperienceCollectionViewCell.xib */; };
		FF691CDE2AEC17680065C6CF /* ExperienceViewModel.swift in Sources */ = {isa = PBXBuildFile; fileRef = FF691CDD2AEC17680065C6CF /* ExperienceViewModel.swift */; };
		FF691CE02AEC24360065C6CF /* ExperiencesViewModel.swift in Sources */ = {isa = PBXBuildFile; fileRef = FF691CDF2AEC24350065C6CF /* ExperiencesViewModel.swift */; };
		FF691CE22AEC28C90065C6CF /* HomeViewController.swift in Sources */ = {isa = PBXBuildFile; fileRef = FF691CE12AEC28C90065C6CF /* HomeViewController.swift */; };
		FF691CE52AEC5D700065C6CF /* IQKeyboardManagerSwift in Frameworks */ = {isa = PBXBuildFile; productRef = FF691CE42AEC5D700065C6CF /* IQKeyboardManagerSwift */; };
		FF691CE72AEC78530065C6CF /* SearchViewController.swift in Sources */ = {isa = PBXBuildFile; fileRef = FF691CE62AEC78530065C6CF /* SearchViewController.swift */; };
		FF691CE92AED11EA0065C6CF /* LikePostResponse.swift in Sources */ = {isa = PBXBuildFile; fileRef = FF691CE82AED11EA0065C6CF /* LikePostResponse.swift */; };
		FF691CEB2AED2A810065C6CF /* ExperienceMainPage.swift in Sources */ = {isa = PBXBuildFile; fileRef = FF691CEA2AED2A810065C6CF /* ExperienceMainPage.swift */; };
/* End PBXBuildFile section */

/* Begin PBXFileReference section */
		2EF91707FD039C2557B04FB8 /* Pods_Around_Egypt.framework */ = {isa = PBXFileReference; explicitFileType = wrapper.framework; includeInIndex = 0; path = Pods_Around_Egypt.framework; sourceTree = BUILT_PRODUCTS_DIR; };
		428D67D564B393AECC7602B2 /* Pods-Around Egypt.debug.xcconfig */ = {isa = PBXFileReference; includeInIndex = 1; lastKnownFileType = text.xcconfig; name = "Pods-Around Egypt.debug.xcconfig"; path = "Target Support Files/Pods-Around Egypt/Pods-Around Egypt.debug.xcconfig"; sourceTree = "<group>"; };
		941B859B23C2C62A0F5F6C00 /* Pods-Around Egypt.release.xcconfig */ = {isa = PBXFileReference; includeInIndex = 1; lastKnownFileType = text.xcconfig; name = "Pods-Around Egypt.release.xcconfig"; path = "Target Support Files/Pods-Around Egypt/Pods-Around Egypt.release.xcconfig"; sourceTree = "<group>"; };
		FF691CAB2AEA96A20065C6CF /* Around Egypt.app */ = {isa = PBXFileReference; explicitFileType = wrapper.application; includeInIndex = 0; path = "Around Egypt.app"; sourceTree = BUILT_PRODUCTS_DIR; };
		FF691CAE2AEA96A20065C6CF /* AppDelegate.swift */ = {isa = PBXFileReference; lastKnownFileType = sourcecode.swift; path = AppDelegate.swift; sourceTree = "<group>"; };
		FF691CB02AEA96A20065C6CF /* SceneDelegate.swift */ = {isa = PBXFileReference; lastKnownFileType = sourcecode.swift; path = SceneDelegate.swift; sourceTree = "<group>"; };
		FF691CB52AEA96A20065C6CF /* Base */ = {isa = PBXFileReference; lastKnownFileType = file.storyboard; name = Base; path = Base.lproj/Main.storyboard; sourceTree = "<group>"; };
		FF691CB82AEA96A20065C6CF /* Around_Egypt.xcdatamodel */ = {isa = PBXFileReference; lastKnownFileType = wrapper.xcdatamodel; path = Around_Egypt.xcdatamodel; sourceTree = "<group>"; };
		FF691CBA2AEA96A40065C6CF /* Assets.xcassets */ = {isa = PBXFileReference; lastKnownFileType = folder.assetcatalog; path = Assets.xcassets; sourceTree = "<group>"; };
		FF691CBD2AEA96A40065C6CF /* Base */ = {isa = PBXFileReference; lastKnownFileType = file.storyboard; name = Base; path = Base.lproj/LaunchScreen.storyboard; sourceTree = "<group>"; };
		FF691CBF2AEA96A40065C6CF /* Info.plist */ = {isa = PBXFileReference; lastKnownFileType = text.plist.xml; path = Info.plist; sourceTree = "<group>"; };
		FF691CCB2AEBB9E30065C6CF /* APIManager.swift */ = {isa = PBXFileReference; lastKnownFileType = sourcecode.swift; path = APIManager.swift; sourceTree = "<group>"; };
		FF691CCE2AEBBC390065C6CF /* ExperiencesRequest.swift */ = {isa = PBXFileReference; lastKnownFileType = sourcecode.swift; path = ExperiencesRequest.swift; sourceTree = "<group>"; };
		FF691CD02AEBE0450065C6CF /* Gotham Bold.otf */ = {isa = PBXFileReference; lastKnownFileType = file; path = "Gotham Bold.otf"; sourceTree = "<group>"; };
		FF691CD82AEC10690065C6CF /* RecommendedExperienceCollectionViewCell.swift */ = {isa = PBXFileReference; lastKnownFileType = sourcecode.swift; path = RecommendedExperienceCollectionViewCell.swift; sourceTree = "<group>"; };
		FF691CD92AEC10690065C6CF /* RecommendedExperienceCollectionViewCell.xib */ = {isa = PBXFileReference; lastKnownFileType = file.xib; path = RecommendedExperienceCollectionViewCell.xib; sourceTree = "<group>"; };
		FF691CDD2AEC17680065C6CF /* ExperienceViewModel.swift */ = {isa = PBXFileReference; lastKnownFileType = sourcecode.swift; path = ExperienceViewModel.swift; sourceTree = "<group>"; };
		FF691CDF2AEC24350065C6CF /* ExperiencesViewModel.swift */ = {isa = PBXFileReference; lastKnownFileType = sourcecode.swift; path = ExperiencesViewModel.swift; sourceTree = "<group>"; };
		FF691CE12AEC28C90065C6CF /* HomeViewController.swift */ = {isa = PBXFileReference; lastKnownFileType = sourcecode.swift; path = HomeViewController.swift; sourceTree = "<group>"; };
		FF691CE62AEC78530065C6CF /* SearchViewController.swift */ = {isa = PBXFileReference; lastKnownFileType = sourcecode.swift; path = SearchViewController.swift; sourceTree = "<group>"; };
		FF691CE82AED11EA0065C6CF /* LikePostResponse.swift */ = {isa = PBXFileReference; lastKnownFileType = sourcecode.swift; path = LikePostResponse.swift; sourceTree = "<group>"; };
		FF691CEA2AED2A810065C6CF /* ExperienceMainPage.swift */ = {isa = PBXFileReference; lastKnownFileType = sourcecode.swift; path = ExperienceMainPage.swift; sourceTree = "<group>"; };
/* End PBXFileReference section */

/* Begin PBXFrameworksBuildPhase section */
		FF691CA82AEA96A20065C6CF /* Frameworks */ = {
			isa = PBXFrameworksBuildPhase;
			buildActionMask = 2147483647;
			files = (
				FF691CCA2AEBB9B20065C6CF /* Kingfisher in Frameworks */,
				FF691CC72AEBB9960065C6CF /* Alamofire in Frameworks */,
				FF691CE52AEC5D700065C6CF /* IQKeyboardManagerSwift in Frameworks */,
				BCCCB06F2B20793866FB62D3 /* Pods_Around_Egypt.framework in Frameworks */,
			);
			runOnlyForDeploymentPostprocessing = 0;
		};
/* End PBXFrameworksBuildPhase section */

/* Begin PBXGroup section */
		64BA798C2A9943111D633EA3 /* Frameworks */ = {
			isa = PBXGroup;
			children = (
				2EF91707FD039C2557B04FB8 /* Pods_Around_Egypt.framework */,
			);
			name = Frameworks;
			sourceTree = "<group>";
		};
		93D3F175515558B705667757 /* Pods */ = {
			isa = PBXGroup;
			children = (
				428D67D564B393AECC7602B2 /* Pods-Around Egypt.debug.xcconfig */,
				941B859B23C2C62A0F5F6C00 /* Pods-Around Egypt.release.xcconfig */,
			);
			name = Pods;
			path = Pods;
			sourceTree = "<group>";
		};
		FF691CA22AEA96A20065C6CF = {
			isa = PBXGroup;
			children = (
				FF691CAD2AEA96A20065C6CF /* Around Egypt */,
				FF691CAC2AEA96A20065C6CF /* Products */,
				93D3F175515558B705667757 /* Pods */,
				64BA798C2A9943111D633EA3 /* Frameworks */,
			);
			sourceTree = "<group>";
		};
		FF691CAC2AEA96A20065C6CF /* Products */ = {
			isa = PBXGroup;
			children = (
				FF691CAB2AEA96A20065C6CF /* Around Egypt.app */,
			);
			name = Products;
			sourceTree = "<group>";
		};
		FF691CAD2AEA96A20065C6CF /* Around Egypt */ = {
			isa = PBXGroup;
			children = (
				FF691CDC2AEC16DF0065C6CF /* ViewModels */,
				FF691CD32AEC10170065C6CF /* Views */,
				FF691CD22AEBE12E0065C6CF /* Fonts */,
				FF691CCD2AEBBBF00065C6CF /* Models */,
				FF691CAE2AEA96A20065C6CF /* AppDelegate.swift */,
				FF691CB02AEA96A20065C6CF /* SceneDelegate.swift */,
				FF691CB42AEA96A20065C6CF /* Main.storyboard */,
				FF691CBA2AEA96A40065C6CF /* Assets.xcassets */,
				FF691CBC2AEA96A40065C6CF /* LaunchScreen.storyboard */,
				FF691CBF2AEA96A40065C6CF /* Info.plist */,
				FF691CB72AEA96A20065C6CF /* Around_Egypt.xcdatamodeld */,
				FF691CCB2AEBB9E30065C6CF /* APIManager.swift */,
			);
			path = "Around Egypt";
			sourceTree = "<group>";
		};
		FF691CCD2AEBBBF00065C6CF /* Models */ = {
			isa = PBXGroup;
			children = (
				FF691CCE2AEBBC390065C6CF /* ExperiencesRequest.swift */,
				FF691CE82AED11EA0065C6CF /* LikePostResponse.swift */,
			);
			path = Models;
			sourceTree = "<group>";
		};
		FF691CD22AEBE12E0065C6CF /* Fonts */ = {
			isa = PBXGroup;
			children = (
				FF691CD02AEBE0450065C6CF /* Gotham Bold.otf */,
			);
			path = Fonts;
			sourceTree = "<group>";
		};
		FF691CD32AEC10170065C6CF /* Views */ = {
			isa = PBXGroup;
			children = (
				FF691CD82AEC10690065C6CF /* RecommendedExperienceCollectionViewCell.swift */,
				FF691CD92AEC10690065C6CF /* RecommendedExperienceCollectionViewCell.xib */,
				FF691CE12AEC28C90065C6CF /* HomeViewController.swift */,
				FF691CE62AEC78530065C6CF /* SearchViewController.swift */,
				FF691CEA2AED2A810065C6CF /* ExperienceMainPage.swift */,
			);
			path = Views;
			sourceTree = "<group>";
		};
		FF691CDC2AEC16DF0065C6CF /* ViewModels */ = {
			isa = PBXGroup;
			children = (
				FF691CDD2AEC17680065C6CF /* ExperienceViewModel.swift */,
				FF691CDF2AEC24350065C6CF /* ExperiencesViewModel.swift */,
			);
			path = ViewModels;
			sourceTree = "<group>";
		};
/* End PBXGroup section */

/* Begin PBXNativeTarget section */
		FF691CAA2AEA96A20065C6CF /* Around Egypt */ = {
			isa = PBXNativeTarget;
			buildConfigurationList = FF691CC22AEA96A40065C6CF /* Build configuration list for PBXNativeTarget "Around Egypt" */;
			buildPhases = (
				27763FDC9B311EEC094E46DD /* [CP] Check Pods Manifest.lock */,
				FF691CA72AEA96A20065C6CF /* Sources */,
				FF691CA82AEA96A20065C6CF /* Frameworks */,
				FF691CA92AEA96A20065C6CF /* Resources */,
			);
			buildRules = (
			);
			dependencies = (
			);
			name = "Around Egypt";
			packageProductDependencies = (
				FF691CC62AEBB9960065C6CF /* Alamofire */,
				FF691CC92AEBB9B20065C6CF /* Kingfisher */,
				FF691CE42AEC5D700065C6CF /* IQKeyboardManagerSwift */,
			);
			productName = "Around Egypt";
			productReference = FF691CAB2AEA96A20065C6CF /* Around Egypt.app */;
			productType = "com.apple.product-type.application";
		};
/* End PBXNativeTarget section */

/* Begin PBXProject section */
		FF691CA32AEA96A20065C6CF /* Project object */ = {
			isa = PBXProject;
			attributes = {
				BuildIndependentTargetsInParallel = 1;
				LastSwiftUpdateCheck = 1430;
				LastUpgradeCheck = 1430;
				TargetAttributes = {
					FF691CAA2AEA96A20065C6CF = {
						CreatedOnToolsVersion = 14.3.1;
					};
				};
			};
			buildConfigurationList = FF691CA62AEA96A20065C6CF /* Build configuration list for PBXProject "Around Egypt" */;
			compatibilityVersion = "Xcode 13.0";
			developmentRegion = en;
			hasScannedForEncodings = 0;
			knownRegions = (
				en,
				Base,
			);
			mainGroup = FF691CA22AEA96A20065C6CF;
			packageReferences = (
				FF691CC52AEBB9960065C6CF /* XCRemoteSwiftPackageReference "Alamofire.git" */,
				FF691CC82AEBB9B20065C6CF /* XCRemoteSwiftPackageReference "Kingfisher.git" */,
				FF691CE32AEC5D700065C6CF /* XCRemoteSwiftPackageReference "IQKeyboardManager.git" */,
			);
			productRefGroup = FF691CAC2AEA96A20065C6CF /* Products */;
			projectDirPath = "";
			projectRoot = "";
			targets = (
				FF691CAA2AEA96A20065C6CF /* Around Egypt */,
			);
		};
/* End PBXProject section */

/* Begin PBXResourcesBuildPhase section */
		FF691CA92AEA96A20065C6CF /* Resources */ = {
			isa = PBXResourcesBuildPhase;
			buildActionMask = 2147483647;
			files = (
				FF691CBE2AEA96A40065C6CF /* LaunchScreen.storyboard in Resources */,
				FF691CBB2AEA96A40065C6CF /* Assets.xcassets in Resources */,
				FF691CB62AEA96A20065C6CF /* Main.storyboard in Resources */,
				FF691CDB2AEC10690065C6CF /* RecommendedExperienceCollectionViewCell.xib in Resources */,
				FF691CD12AEBE0460065C6CF /* Gotham Bold.otf in Resources */,
			);
			runOnlyForDeploymentPostprocessing = 0;
		};
/* End PBXResourcesBuildPhase section */

/* Begin PBXShellScriptBuildPhase section */
		27763FDC9B311EEC094E46DD /* [CP] Check Pods Manifest.lock */ = {
			isa = PBXShellScriptBuildPhase;
			buildActionMask = 2147483647;
			files = (
			);
			inputFileListPaths = (
			);
			inputPaths = (
				"${PODS_PODFILE_DIR_PATH}/Podfile.lock",
				"${PODS_ROOT}/Manifest.lock",
			);
			name = "[CP] Check Pods Manifest.lock";
			outputFileListPaths = (
			);
			outputPaths = (
				"$(DERIVED_FILE_DIR)/Pods-Around Egypt-checkManifestLockResult.txt",
			);
			runOnlyForDeploymentPostprocessing = 0;
			shellPath = /bin/sh;
			shellScript = "diff \"${PODS_PODFILE_DIR_PATH}/Podfile.lock\" \"${PODS_ROOT}/Manifest.lock\" > /dev/null\nif [ $? != 0 ] ; then\n    # print error to STDERR\n    echo \"error: The sandbox is not in sync with the Podfile.lock. Run 'pod install' or update your CocoaPods installation.\" >&2\n    exit 1\nfi\n# This output is used by Xcode 'outputs' to avoid re-running this script phase.\necho \"SUCCESS\" > \"${SCRIPT_OUTPUT_FILE_0}\"\n";
			showEnvVarsInLog = 0;
		};
/* End PBXShellScriptBuildPhase section */

/* Begin PBXSourcesBuildPhase section */
		FF691CA72AEA96A20065C6CF /* Sources */ = {
			isa = PBXSourcesBuildPhase;
			buildActionMask = 2147483647;
			files = (
				FF691CE72AEC78530065C6CF /* SearchViewController.swift in Sources */,
				FF691CDE2AEC17680065C6CF /* ExperienceViewModel.swift in Sources */,
				FF691CDA2AEC10690065C6CF /* RecommendedExperienceCollectionViewCell.swift in Sources */,
				FF691CE02AEC24360065C6CF /* ExperiencesViewModel.swift in Sources */,
				FF691CAF2AEA96A20065C6CF /* AppDelegate.swift in Sources */,
				FF691CEB2AED2A810065C6CF /* ExperienceMainPage.swift in Sources */,
				FF691CE92AED11EA0065C6CF /* LikePostResponse.swift in Sources */,
				FF691CCC2AEBB9E30065C6CF /* APIManager.swift in Sources */,
				FF691CE22AEC28C90065C6CF /* HomeViewController.swift in Sources */,
				FF691CCF2AEBBC390065C6CF /* ExperiencesRequest.swift in Sources */,
				FF691CB92AEA96A20065C6CF /* Around_Egypt.xcdatamodeld in Sources */,
				FF691CB12AEA96A20065C6CF /* SceneDelegate.swift in Sources */,
			);
			runOnlyForDeploymentPostprocessing = 0;
		};
/* End PBXSourcesBuildPhase section */

/* Begin PBXVariantGroup section */
		FF691CB42AEA96A20065C6CF /* Main.storyboard */ = {
			isa = PBXVariantGroup;
			children = (
				FF691CB52AEA96A20065C6CF /* Base */,
			);
			name = Main.storyboard;
			sourceTree = "<group>";
		};
		FF691CBC2AEA96A40065C6CF /* LaunchScreen.storyboard */ = {
			isa = PBXVariantGroup;
			children = (
				FF691CBD2AEA96A40065C6CF /* Base */,
			);
			name = LaunchScreen.storyboard;
			sourceTree = "<group>";
		};
/* End PBXVariantGroup section */

/* Begin XCBuildConfiguration section */
		FF691CC02AEA96A40065C6CF /* Debug */ = {
			isa = XCBuildConfiguration;
			buildSettings = {
				ALWAYS_SEARCH_USER_PATHS = NO;
				CLANG_ANALYZER_NONNULL = YES;
				CLANG_ANALYZER_NUMBER_OBJECT_CONVERSION = YES_AGGRESSIVE;
				CLANG_CXX_LANGUAGE_STANDARD = "gnu++20";
				CLANG_ENABLE_MODULES = YES;
				CLANG_ENABLE_OBJC_ARC = YES;
				CLANG_ENABLE_OBJC_WEAK = YES;
				CLANG_WARN_BLOCK_CAPTURE_AUTORELEASING = YES;
				CLANG_WARN_BOOL_CONVERSION = YES;
				CLANG_WARN_COMMA = YES;
				CLANG_WARN_CONSTANT_CONVERSION = YES;
				CLANG_WARN_DEPRECATED_OBJC_IMPLEMENTATIONS = YES;
				CLANG_WARN_DIRECT_OBJC_ISA_USAGE = YES_ERROR;
				CLANG_WARN_DOCUMENTATION_COMMENTS = YES;
				CLANG_WARN_EMPTY_BODY = YES;
				CLANG_WARN_ENUM_CONVERSION = YES;
				CLANG_WARN_INFINITE_RECURSION = YES;
				CLANG_WARN_INT_CONVERSION = YES;
				CLANG_WARN_NON_LITERAL_NULL_CONVERSION = YES;
				CLANG_WARN_OBJC_IMPLICIT_RETAIN_SELF = YES;
				CLANG_WARN_OBJC_LITERAL_CONVERSION = YES;
				CLANG_WARN_OBJC_ROOT_CLASS = YES_ERROR;
				CLANG_WARN_QUOTED_INCLUDE_IN_FRAMEWORK_HEADER = YES;
				CLANG_WARN_RANGE_LOOP_ANALYSIS = YES;
				CLANG_WARN_STRICT_PROTOTYPES = YES;
				CLANG_WARN_SUSPICIOUS_MOVE = YES;
				CLANG_WARN_UNGUARDED_AVAILABILITY = YES_AGGRESSIVE;
				CLANG_WARN_UNREACHABLE_CODE = YES;
				CLANG_WARN__DUPLICATE_METHOD_MATCH = YES;
				COPY_PHASE_STRIP = NO;
				DEBUG_INFORMATION_FORMAT = dwarf;
				ENABLE_STRICT_OBJC_MSGSEND = YES;
				ENABLE_TESTABILITY = YES;
				GCC_C_LANGUAGE_STANDARD = gnu11;
				GCC_DYNAMIC_NO_PIC = NO;
				GCC_NO_COMMON_BLOCKS = YES;
				GCC_OPTIMIZATION_LEVEL = 0;
				GCC_PREPROCESSOR_DEFINITIONS = (
					"DEBUG=1",
					"$(inherited)",
				);
				GCC_WARN_64_TO_32_BIT_CONVERSION = YES;
				GCC_WARN_ABOUT_RETURN_TYPE = YES_ERROR;
				GCC_WARN_UNDECLARED_SELECTOR = YES;
				GCC_WARN_UNINITIALIZED_AUTOS = YES_AGGRESSIVE;
				GCC_WARN_UNUSED_FUNCTION = YES;
				GCC_WARN_UNUSED_VARIABLE = YES;
				IPHONEOS_DEPLOYMENT_TARGET = 16.4;
				MTL_ENABLE_DEBUG_INFO = INCLUDE_SOURCE;
				MTL_FAST_MATH = YES;
				ONLY_ACTIVE_ARCH = YES;
				SDKROOT = iphoneos;
				SWIFT_ACTIVE_COMPILATION_CONDITIONS = DEBUG;
				SWIFT_OPTIMIZATION_LEVEL = "-Onone";
			};
			name = Debug;
		};
		FF691CC12AEA96A40065C6CF /* Release */ = {
			isa = XCBuildConfiguration;
			buildSettings = {
				ALWAYS_SEARCH_USER_PATHS = NO;
				CLANG_ANALYZER_NONNULL = YES;
				CLANG_ANALYZER_NUMBER_OBJECT_CONVERSION = YES_AGGRESSIVE;
				CLANG_CXX_LANGUAGE_STANDARD = "gnu++20";
				CLANG_ENABLE_MODULES = YES;
				CLANG_ENABLE_OBJC_ARC = YES;
				CLANG_ENABLE_OBJC_WEAK = YES;
				CLANG_WARN_BLOCK_CAPTURE_AUTORELEASING = YES;
				CLANG_WARN_BOOL_CONVERSION = YES;
				CLANG_WARN_COMMA = YES;
				CLANG_WARN_CONSTANT_CONVERSION = YES;
				CLANG_WARN_DEPRECATED_OBJC_IMPLEMENTATIONS = YES;
				CLANG_WARN_DIRECT_OBJC_ISA_USAGE = YES_ERROR;
				CLANG_WARN_DOCUMENTATION_COMMENTS = YES;
				CLANG_WARN_EMPTY_BODY = YES;
				CLANG_WARN_ENUM_CONVERSION = YES;
				CLANG_WARN_INFINITE_RECURSION = YES;
				CLANG_WARN_INT_CONVERSION = YES;
				CLANG_WARN_NON_LITERAL_NULL_CONVERSION = YES;
				CLANG_WARN_OBJC_IMPLICIT_RETAIN_SELF = YES;
				CLANG_WARN_OBJC_LITERAL_CONVERSION = YES;
				CLANG_WARN_OBJC_ROOT_CLASS = YES_ERROR;
				CLANG_WARN_QUOTED_INCLUDE_IN_FRAMEWORK_HEADER = YES;
				CLANG_WARN_RANGE_LOOP_ANALYSIS = YES;
				CLANG_WARN_STRICT_PROTOTYPES = YES;
				CLANG_WARN_SUSPICIOUS_MOVE = YES;
				CLANG_WARN_UNGUARDED_AVAILABILITY = YES_AGGRESSIVE;
				CLANG_WARN_UNREACHABLE_CODE = YES;
				CLANG_WARN__DUPLICATE_METHOD_MATCH = YES;
				COPY_PHASE_STRIP = NO;
				DEBUG_INFORMATION_FORMAT = "dwarf-with-dsym";
				ENABLE_NS_ASSERTIONS = NO;
				ENABLE_STRICT_OBJC_MSGSEND = YES;
				GCC_C_LANGUAGE_STANDARD = gnu11;
				GCC_NO_COMMON_BLOCKS = YES;
				GCC_WARN_64_TO_32_BIT_CONVERSION = YES;
				GCC_WARN_ABOUT_RETURN_TYPE = YES_ERROR;
				GCC_WARN_UNDECLARED_SELECTOR = YES;
				GCC_WARN_UNINITIALIZED_AUTOS = YES_AGGRESSIVE;
				GCC_WARN_UNUSED_FUNCTION = YES;
				GCC_WARN_UNUSED_VARIABLE = YES;
				IPHONEOS_DEPLOYMENT_TARGET = 16.4;
				MTL_ENABLE_DEBUG_INFO = NO;
				MTL_FAST_MATH = YES;
				SDKROOT = iphoneos;
				SWIFT_COMPILATION_MODE = wholemodule;
				SWIFT_OPTIMIZATION_LEVEL = "-O";
				VALIDATE_PRODUCT = YES;
			};
			name = Release;
		};
		FF691CC32AEA96A40065C6CF /* Debug */ = {
			isa = XCBuildConfiguration;
			baseConfigurationReference = 428D67D564B393AECC7602B2 /* Pods-Around Egypt.debug.xcconfig */;
			buildSettings = {
				ASSETCATALOG_COMPILER_APPICON_NAME = AppIcon;
				ASSETCATALOG_COMPILER_GLOBAL_ACCENT_COLOR_NAME = AccentColor;
				CODE_SIGN_STYLE = Automatic;
				CURRENT_PROJECT_VERSION = 1;
				DEVELOPMENT_TEAM = RASAVKU28M;
				GENERATE_INFOPLIST_FILE = YES;
				INFOPLIST_FILE = "Around Egypt/Info.plist";
				INFOPLIST_KEY_UIApplicationSupportsIndirectInputEvents = YES;
				INFOPLIST_KEY_UILaunchStoryboardName = LaunchScreen;
				INFOPLIST_KEY_UIMainStoryboardFile = Main;
				INFOPLIST_KEY_UISupportedInterfaceOrientations_iPad = "UIInterfaceOrientationPortrait UIInterfaceOrientationPortraitUpsideDown UIInterfaceOrientationLandscapeLeft UIInterfaceOrientationLandscapeRight";
				INFOPLIST_KEY_UISupportedInterfaceOrientations_iPhone = "UIInterfaceOrientationPortrait UIInterfaceOrientationLandscapeLeft UIInterfaceOrientationLandscapeRight";
				LD_RUNPATH_SEARCH_PATHS = (
					"$(inherited)",
					"@executable_path/Frameworks",
				);
				MARKETING_VERSION = 1.0;
				PRODUCT_BUNDLE_IDENTIFIER = "shaarawy.Around-Egypt";
				PRODUCT_NAME = "$(TARGET_NAME)";
				SWIFT_EMIT_LOC_STRINGS = YES;
				SWIFT_VERSION = 5.0;
				TARGETED_DEVICE_FAMILY = "1,2";
			};
			name = Debug;
		};
		FF691CC42AEA96A40065C6CF /* Release */ = {
			isa = XCBuildConfiguration;
			baseConfigurationReference = 941B859B23C2C62A0F5F6C00 /* Pods-Around Egypt.release.xcconfig */;
			buildSettings = {
				ASSETCATALOG_COMPILER_APPICON_NAME = AppIcon;
				ASSETCATALOG_COMPILER_GLOBAL_ACCENT_COLOR_NAME = AccentColor;
				CODE_SIGN_STYLE = Automatic;
				CURRENT_PROJECT_VERSION = 1;
				DEVELOPMENT_TEAM = RASAVKU28M;
				GENERATE_INFOPLIST_FILE = YES;
				INFOPLIST_FILE = "Around Egypt/Info.plist";
				INFOPLIST_KEY_UIApplicationSupportsIndirectInputEvents = YES;
				INFOPLIST_KEY_UILaunchStoryboardName = LaunchScreen;
				INFOPLIST_KEY_UIMainStoryboardFile = Main;
				INFOPLIST_KEY_UISupportedInterfaceOrientations_iPad = "UIInterfaceOrientationPortrait UIInterfaceOrientationPortraitUpsideDown UIInterfaceOrientationLandscapeLeft UIInterfaceOrientationLandscapeRight";
				INFOPLIST_KEY_UISupportedInterfaceOrientations_iPhone = "UIInterfaceOrientationPortrait UIInterfaceOrientationLandscapeLeft UIInterfaceOrientationLandscapeRight";
				LD_RUNPATH_SEARCH_PATHS = (
					"$(inherited)",
					"@executable_path/Frameworks",
				);
				MARKETING_VERSION = 1.0;
				PRODUCT_BUNDLE_IDENTIFIER = "shaarawy.Around-Egypt";
				PRODUCT_NAME = "$(TARGET_NAME)";
				SWIFT_EMIT_LOC_STRINGS = YES;
				SWIFT_VERSION = 5.0;
				TARGETED_DEVICE_FAMILY = "1,2";
			};
			name = Release;
		};
/* End XCBuildConfiguration section */

/* Begin XCConfigurationList section */
		FF691CA62AEA96A20065C6CF /* Build configuration list for PBXProject "Around Egypt" */ = {
			isa = XCConfigurationList;
			buildConfigurations = (
				FF691CC02AEA96A40065C6CF /* Debug */,
				FF691CC12AEA96A40065C6CF /* Release */,
			);
			defaultConfigurationIsVisible = 0;
			defaultConfigurationName = Release;
		};
		FF691CC22AEA96A40065C6CF /* Build configuration list for PBXNativeTarget "Around Egypt" */ = {
			isa = XCConfigurationList;
			buildConfigurations = (
				FF691CC32AEA96A40065C6CF /* Debug */,
				FF691CC42AEA96A40065C6CF /* Release */,
			);
			defaultConfigurationIsVisible = 0;
			defaultConfigurationName = Release;
		};
/* End XCConfigurationList section */

/* Begin XCRemoteSwiftPackageReference section */
		FF691CC52AEBB9960065C6CF /* XCRemoteSwiftPackageReference "Alamofire.git" */ = {
			isa = XCRemoteSwiftPackageReference;
			repositoryURL = "https://github.com/Alamofire/Alamofire.git";
			requirement = {
				kind = upToNextMajorVersion;
				minimumVersion = 5.0.0;
			};
		};
		FF691CC82AEBB9B20065C6CF /* XCRemoteSwiftPackageReference "Kingfisher.git" */ = {
			isa = XCRemoteSwiftPackageReference;
			repositoryURL = "https://github.com/onevcat/Kingfisher.git";
			requirement = {
				kind = upToNextMajorVersion;
				minimumVersion = 7.0.0;
			};
		};
		FF691CE32AEC5D700065C6CF /* XCRemoteSwiftPackageReference "IQKeyboardManager.git" */ = {
			isa = XCRemoteSwiftPackageReference;
			repositoryURL = "https://github.com/hackiftekhar/IQKeyboardManager.git";
			requirement = {
				kind = upToNextMajorVersion;
				minimumVersion = 6.0.0;
			};
		};
/* End XCRemoteSwiftPackageReference section */

/* Begin XCSwiftPackageProductDependency section */
		FF691CC62AEBB9960065C6CF /* Alamofire */ = {
			isa = XCSwiftPackageProductDependency;
			package = FF691CC52AEBB9960065C6CF /* XCRemoteSwiftPackageReference "Alamofire.git" */;
			productName = Alamofire;
		};
		FF691CC92AEBB9B20065C6CF /* Kingfisher */ = {
			isa = XCSwiftPackageProductDependency;
			package = FF691CC82AEBB9B20065C6CF /* XCRemoteSwiftPackageReference "Kingfisher.git" */;
			productName = Kingfisher;
		};
		FF691CE42AEC5D700065C6CF /* IQKeyboardManagerSwift */ = {
			isa = XCSwiftPackageProductDependency;
			package = FF691CE32AEC5D700065C6CF /* XCRemoteSwiftPackageReference "IQKeyboardManager.git" */;
			productName = IQKeyboardManagerSwift;
		};
/* End XCSwiftPackageProductDependency section */

/* Begin XCVersionGroup section */
		FF691CB72AEA96A20065C6CF /* Around_Egypt.xcdatamodeld */ = {
			isa = XCVersionGroup;
			children = (
				FF691CB82AEA96A20065C6CF /* Around_Egypt.xcdatamodel */,
			);
			currentVersion = FF691CB82AEA96A20065C6CF /* Around_Egypt.xcdatamodel */;
			path = Around_Egypt.xcdatamodeld;
			sourceTree = "<group>";
			versionGroupType = wrapper.xcdatamodel;
		};
/* End XCVersionGroup section */
	};
	rootObject = FF691CA32AEA96A20065C6CF /* Project object */;
}
